
Microsoft Visual Studio Solution File, Format Version 12.00
# Visual Studio 2013
VisualStudioVersion = 12.0.21005.1
MinimumVisualStudioVersion = 10.0.40219.1
Project("{8BC9CEB8-8B4A-11D0-8D11-00A0C91BC942}") = "OpenGL_Lab_1", "lab1\OpenGL_Lab-vs2013.vcxproj", "{E99F47D6-2E9C-47E0-BC52-62270EA5E741}"
EndProject
Project("{8BC9CEB8-8B4A-11D0-8D11-00A0C91BC942}") = "OpenGL_Lab_2", "lab2-textures\OpenGL_Lab2-vs2013.vcxproj", "{33A2C609-D87E-44B9-B28F-7961F2B83210}"
EndProject
Project("{8BC9CEB8-8B4A-11D0-8D11-00A0C91BC942}") = "OpenGL_Lab_3", "lab3-camera\OpenGL_Lab3-vs2013.vcxproj", "{05EB57EB-1525-4DE7-B96F-D9A04A19D131}"
EndProject
Project("{8BC9CEB8-8B4A-11D0-8D11-00A0C91BC942}") = "OpenGL_Lab_4", "lab4-cubemapping\OpenGL_Lab4-vs2013.vcxproj", "{1E879B64-E89C-4545-AACE-C3384BA0DEB6}"
EndProject
Project("{8BC9CEB8-8B4A-11D0-8D11-00A0C91BC942}") = "OpenGL_Lab_5", "lab5-rendertotexture\OpenGL_Lab5-vs2013.vcxproj", "{0CA582D4-0FF4-41B9-80DC-5CBA5C086DDD}"
EndProject
Project("{8BC9CEB8-8B4A-11D0-8D11-00A0C91BC942}") = "OpenGL_Lab_6", "lab6-shadowmaps\OpenGL_Lab6-vs2013.vcxproj", "{E11652DE-4E11-40CB-9B11-193DBAE82E20}"
EndProject
Project("{8BC9CEB8-8B4A-11D0-8D11-00A0C91BC942}") = "OpenGL_project", "project\OpenGL_project-vs2013.vcxproj", "{EBFBA1D8-100B-40CA-9FA5-BB20DFE3FB86}"
EndProject
Project("{8BC9CEB8-8B4A-11D0-8D11-00A0C91BC942}") = "labhelper", "labhelper\labhelper.vcxproj", "{99E6FD3F-0F3F-4D81-86C6-B674EC597BB4}"
EndProject
Project("{8BC9CEB8-8B4A-11D0-8D11-00A0C91BC942}") = "Pathtracer", "pathtracer\pathtracer.vcxproj", "{53A84DFE-A58F-4272-AAD9-C51F90D980A3}"
EndProject
Global
	GlobalSection(SolutionConfigurationPlatforms) = preSolution
		Debug|Win32 = Debug|Win32
		Release|Win32 = Release|Win32
	EndGlobalSection
	GlobalSection(ProjectConfigurationPlatforms) = postSolution
		{E99F47D6-2E9C-47E0-BC52-62270EA5E741}.Debug|Win32.ActiveCfg = Debug|Win32
		{E99F47D6-2E9C-47E0-BC52-62270EA5E741}.Debug|Win32.Build.0 = Debug|Win32
		{E99F47D6-2E9C-47E0-BC52-62270EA5E741}.Release|Win32.ActiveCfg = Release|Win32
		{E99F47D6-2E9C-47E0-BC52-62270EA5E741}.Release|Win32.Build.0 = Release|Win32
		{33A2C609-D87E-44B9-B28F-7961F2B83210}.Debug|Win32.ActiveCfg = Debug|Win32
		{33A2C609-D87E-44B9-B28F-7961F2B83210}.Debug|Win32.Build.0 = Debug|Win32
		{33A2C609-D87E-44B9-B28F-7961F2B83210}.Release|Win32.ActiveCfg = Release|Win32
		{33A2C609-D87E-44B9-B28F-7961F2B83210}.Release|Win32.Build.0 = Release|Win32
		{05EB57EB-1525-4DE7-B96F-D9A04A19D131}.Debug|Win32.ActiveCfg = Debug|Win32
		{05EB57EB-1525-4DE7-B96F-D9A04A19D131}.Debug|Win32.Build.0 = Debug|Win32
		{05EB57EB-1525-4DE7-B96F-D9A04A19D131}.Release|Win32.ActiveCfg = Release|Win32
		{05EB57EB-1525-4DE7-B96F-D9A04A19D131}.Release|Win32.Build.0 = Release|Win32
		{1E879B64-E89C-4545-AACE-C3384BA0DEB6}.Debug|Win32.ActiveCfg = Debug|Win32
		{1E879B64-E89C-4545-AACE-C3384BA0DEB6}.Debug|Win32.Build.0 = Debug|Win32
		{1E879B64-E89C-4545-AACE-C3384BA0DEB6}.Release|Win32.ActiveCfg = Release|Win32
		{1E879B64-E89C-4545-AACE-C3384BA0DEB6}.Release|Win32.Build.0 = Release|Win32
		{0CA582D4-0FF4-41B9-80DC-5CBA5C086DDD}.Debug|Win32.ActiveCfg = Debug|Win32
		{0CA582D4-0FF4-41B9-80DC-5CBA5C086DDD}.Debug|Win32.Build.0 = Debug|Win32
		{0CA582D4-0FF4-41B9-80DC-5CBA5C086DDD}.Release|Win32.ActiveCfg = Release|Win32
		{0CA582D4-0FF4-41B9-80DC-5CBA5C086DDD}.Release|Win32.Build.0 = Release|Win32
		{E11652DE-4E11-40CB-9B11-193DBAE82E20}.Debug|Win32.ActiveCfg = Debug|Win32
		{E11652DE-4E11-40CB-9B11-193DBAE82E20}.Debug|Win32.Build.0 = Debug|Win32
		{E11652DE-4E11-40CB-9B11-193DBAE82E20}.Release|Win32.ActiveCfg = Release|Win32
		{E11652DE-4E11-40CB-9B11-193DBAE82E20}.Release|Win32.Build.0 = Release|Win32
		{EBFBA1D8-100B-40CA-9FA5-BB20DFE3FB86}.Debug|Win32.ActiveCfg = Debug|Win32
		{EBFBA1D8-100B-40CA-9FA5-BB20DFE3FB86}.Debug|Win32.Build.0 = Debug|Win32
		{EBFBA1D8-100B-40CA-9FA5-BB20DFE3FB86}.Release|Win32.ActiveCfg = Release|Win32
		{EBFBA1D8-100B-40CA-9FA5-BB20DFE3FB86}.Release|Win32.Build.0 = Release|Win32
		{99E6FD3F-0F3F-4D81-86C6-B674EC597BB4}.Debug|Win32.ActiveCfg = Debug|Win32
		{99E6FD3F-0F3F-4D81-86C6-B674EC597BB4}.Debug|Win32.Build.0 = Debug|Win32
		{99E6FD3F-0F3F-4D81-86C6-B674EC597BB4}.Release|Win32.ActiveCfg = Release|Win32
		{99E6FD3F-0F3F-4D81-86C6-B674EC597BB4}.Release|Win32.Build.0 = Release|Win32
		{53A84DFE-A58F-4272-AAD9-C51F90D980A3}.Debug|Win32.ActiveCfg = Debug|Win32
		{53A84DFE-A58F-4272-AAD9-C51F90D980A3}.Debug|Win32.Build.0 = Debug|Win32
		{53A84DFE-A58F-4272-AAD9-C51F90D980A3}.Release|Win32.ActiveCfg = Release|Win32
		{53A84DFE-A58F-4272-AAD9-C51F90D980A3}.Release|Win32.Build.0 = Release|Win32
	EndGlobalSection
	GlobalSection(SolutionProperties) = preSolution
		HideSolutionNode = FALSE
	EndGlobalSection
EndGlobal
